{
  "version": 4,
  "terraform_version": "1.4.5",
  "serial": 18,
  "lineage": "c42ea088-f931-7070-f01e-5d9365bad8d9",
  "outputs": {},
  "resources": [
    {
      "mode": "managed",
      "type": "akeyless_static_secret",
      "name": "cloudamqp_api_key",
      "provider": "provider[\"registry.terraform.io/akeyless-community/akeyless\"]",
      "instances": [
        {
          "schema_version": 0,
          "attributes": {
            "description": null,
            "id": "/cloudamqp_api_key",
            "metadata": null,
            "multiline_value": false,
            "path": "/cloudamqp_api_key",
            "protection_key": "acc-65e6751xm8cw__account-def-secrets-key__",
            "secure_access_bastion_issuer": null,
            "secure_access_enable": null,
            "secure_access_host": null,
            "secure_access_ssh_creds": null,
            "secure_access_ssh_user": null,
            "secure_access_url": null,
            "secure_access_web": null,
            "secure_access_web_browsing": null,
            "tags": null,
            "value": "b0cd52ce-a686-47a0-bb3e-7075652cb166",
            "version": 1
          },
          "sensitive_attributes": [
            [
              {
                "type": "get_attr",
                "value": "value"
              }
            ]
          ],
          "private": "bnVsbA=="
        }
      ]
    },
    {
      "mode": "managed",
      "type": "akeyless_static_secret",
      "name": "cloudamqp_endpoint",
      "provider": "provider[\"registry.terraform.io/akeyless-community/akeyless\"]",
      "instances": [
        {
          "schema_version": 0,
          "attributes": {
            "description": null,
            "id": "/cloudamqp_endpoint",
            "metadata": null,
            "multiline_value": false,
            "path": "/cloudamqp_endpoint",
            "protection_key": "acc-65e6751xm8cw__account-def-secrets-key__",
            "secure_access_bastion_issuer": null,
            "secure_access_enable": null,
            "secure_access_host": null,
            "secure_access_ssh_creds": null,
            "secure_access_ssh_user": null,
            "secure_access_url": null,
            "secure_access_web": null,
            "secure_access_web_browsing": null,
            "tags": null,
            "value": "https://jackal-01.rmq.cloudamqp.com/",
            "version": 1
          },
          "sensitive_attributes": [
            [
              {
                "type": "get_attr",
                "value": "value"
              }
            ]
          ],
          "private": "bnVsbA=="
        }
      ]
    },
    {
      "mode": "managed",
      "type": "akeyless_static_secret",
      "name": "cloudamqp_password",
      "provider": "provider[\"registry.terraform.io/akeyless-community/akeyless\"]",
      "instances": [
        {
          "schema_version": 0,
          "attributes": {
            "description": null,
            "id": "/cloudamqp_password",
            "metadata": null,
            "multiline_value": false,
            "path": "/cloudamqp_password",
            "protection_key": "acc-65e6751xm8cw__account-def-secrets-key__",
            "secure_access_bastion_issuer": null,
            "secure_access_enable": null,
            "secure_access_host": null,
            "secure_access_ssh_creds": null,
            "secure_access_ssh_user": null,
            "secure_access_url": null,
            "secure_access_web": null,
            "secure_access_web_browsing": null,
            "tags": null,
            "value": "VFYuNiM4vJ76azOyQOzJQn-HY4qKs7X9",
            "version": 1
          },
          "sensitive_attributes": [
            [
              {
                "type": "get_attr",
                "value": "value"
              }
            ]
          ],
          "private": "bnVsbA=="
        }
      ]
    },
    {
      "mode": "managed",
      "type": "akeyless_static_secret",
      "name": "cloudamqp_username",
      "provider": "provider[\"registry.terraform.io/akeyless-community/akeyless\"]",
      "instances": [
        {
          "schema_version": 0,
          "attributes": {
            "description": null,
            "id": "/cloudamqp_username",
            "metadata": null,
            "multiline_value": false,
            "path": "/cloudamqp_username",
            "protection_key": "acc-65e6751xm8cw__account-def-secrets-key__",
            "secure_access_bastion_issuer": null,
            "secure_access_enable": null,
            "secure_access_host": null,
            "secure_access_ssh_creds": null,
            "secure_access_ssh_user": null,
            "secure_access_url": null,
            "secure_access_web": null,
            "secure_access_web_browsing": null,
            "tags": null,
            "value": "ljcchdve",
            "version": 1
          },
          "sensitive_attributes": [
            [
              {
                "type": "get_attr",
                "value": "value"
              }
            ]
          ],
          "private": "bnVsbA=="
        }
      ]
    }
  ],
  "check_results": null
}
